
Microsoft Visual Studio Solution File, Format Version 12.00
# Visual Studio 2013
VisualStudioVersion = 12.0.21005.1
MinimumVisualStudioVersion = 10.0.40219.1
Project("{FAE04EC0-301F-11D3-BF4B-00C04F79EFBC}") = "ProjectAssistant", "ProjectAssistant\ProjectAssistant.csproj", "{C5640655-1E87-4335-BD7E-4C11387D1BAB}"
EndProject
Global
	GlobalSection(SolutionConfigurationPlatforms) = preSolution
		Debug|Any CPU = Debug|Any CPU
		Debug|x64 = Debug|x64
		Debug|x86 = Debug|x86
		Release|Any CPU = Release|Any CPU
		Release|x64 = Release|x64
		Release|x86 = Release|x86
	EndGlobalSection
	GlobalSection(ProjectConfigurationPlatforms) = postSolution
		{C5640655-1E87-4335-BD7E-4C11387D1BAB}.Debug|Any CPU.ActiveCfg = Debug|x86
		{C5640655-1E87-4335-BD7E-4C11387D1BAB}.Debug|Any CPU.Build.0 = Debug|x86
		{C5640655-1E87-4335-BD7E-4C11387D1BAB}.Debug|x64.ActiveCfg = Debug|x64
		{C5640655-1E87-4335-BD7E-4C11387D1BAB}.Debug|x64.Build.0 = Debug|x64
		{C5640655-1E87-4335-BD7E-4C11387D1BAB}.Debug|x86.ActiveCfg = Debug|x86
		{C5640655-1E87-4335-BD7E-4C11387D1BAB}.Debug|x86.Build.0 = Debug|x86
		{C5640655-1E87-4335-BD7E-4C11387D1BAB}.Release|Any CPU.ActiveCfg = Release|Any CPU
		{C5640655-1E87-4335-BD7E-4C11387D1BAB}.Release|Any CPU.Build.0 = Release|Any CPU
		{C5640655-1E87-4335-BD7E-4C11387D1BAB}.Release|x64.ActiveCfg = Release|x64
		{C5640655-1E87-4335-BD7E-4C11387D1BAB}.Release|x64.Build.0 = Release|x64
		{C5640655-1E87-4335-BD7E-4C11387D1BAB}.Release|x86.ActiveCfg = Release|x86
		{C5640655-1E87-4335-BD7E-4C11387D1BAB}.Release|x86.Build.0 = Release|x86
	EndGlobalSection
	GlobalSection(SolutionProperties) = preSolution
		HideSolutionNode = FALSE
	EndGlobalSection
EndGlobal
